{
  "name": "lux-styleguide",
  "version": "6.0.0",
  "lockfileVersion": 1,
  "requires": true,
  "dependencies": {
    "foundation-sites": {
      "version": "6.5.0-rc.4",
      "resolved": "https://registry.npmjs.org/foundation-sites/-/foundation-sites-6.5.0-rc.4.tgz",
      "integrity": "sha512-F1KEw9eK1+y0sznyiWXDLoNLUnUir7g5LHGSa/+zy/gAWkTBO9t1H+Wvw+d34ZkYgLNkbU3n2mJtADzS7f3fjQ==",
      "dev": true
    }
  }
}
